
Microsoft Visual Studio Solution File, Format Version 11.00
# Visual Studio 2010
Project("{FAE04EC0-301F-11D3-BF4B-00C04F79EFBC}") = "WindowsPhoneApplication11", "WindowsPhoneApplication11\WindowsPhoneApplication11.csproj", "{BD6C7192-8933-4313-A26F-581F54683FC0}"
EndProject
Global
	GlobalSection(SolutionConfigurationPlatforms) = preSolution
		Debug|Any CPU = Debug|Any CPU
		Release|Any CPU = Release|Any CPU
	EndGlobalSection
	GlobalSection(ProjectConfigurationPlatforms) = postSolution
		{BD6C7192-8933-4313-A26F-581F54683FC0}.Debug|Any CPU.ActiveCfg = Debug|Any CPU
		{BD6C7192-8933-4313-A26F-581F54683FC0}.Debug|Any CPU.Build.0 = Debug|Any CPU
		{BD6C7192-8933-4313-A26F-581F54683FC0}.Debug|Any CPU.Deploy.0 = Debug|Any CPU
		{BD6C7192-8933-4313-A26F-581F54683FC0}.Release|Any CPU.ActiveCfg = Release|Any CPU
		{BD6C7192-8933-4313-A26F-581F54683FC0}.Release|Any CPU.Build.0 = Release|Any CPU
		{BD6C7192-8933-4313-A26F-581F54683FC0}.Release|Any CPU.Deploy.0 = Release|Any CPU
	EndGlobalSection
	GlobalSection(SolutionProperties) = preSolution
		HideSolutionNode = FALSE
	EndGlobalSection
EndGlobal
